// !$*UTF8*$!
{
	archiveVersion = 1;
	classes = {
	};
	objectVersion = 50;
	objects = {

/* Begin PBXBuildFile section */
		A74B6E8D2121F4BF009BF77A /* Default-568h@2x.png in Resources */ = {isa = PBXBuildFile; fileRef = A74B6E8C2121F4BF009BF77A /* Default-568h@2x.png */; };
		A74B6E982121F621009BF77A /* PageControlCell.swift in Sources */ = {isa = PBXBuildFile; fileRef = A74B6E962121F621009BF77A /* PageControlCell.swift */; };
		A74B6E992121F621009BF77A /* PageControlCell.xib in Resources */ = {isa = PBXBuildFile; fileRef = A74B6E972121F621009BF77A /* PageControlCell.xib */; };
		A74B6E9C2121F631009BF77A /* ItemInfoCell.swift in Sources */ = {isa = PBXBuildFile; fileRef = A74B6E9A2121F631009BF77A /* ItemInfoCell.swift */; };
		A74B6E9D2121F631009BF77A /* ItemInfoCell.xib in Resources */ = {isa = PBXBuildFile; fileRef = A74B6E9B2121F631009BF77A /* ItemInfoCell.xib */; };
		A74B6EA02121F644009BF77A /* AnotherItemCell.swift in Sources */ = {isa = PBXBuildFile; fileRef = A74B6E9E2121F644009BF77A /* AnotherItemCell.swift */; };
		A74B6EA12121F644009BF77A /* AnotherItemCell.xib in Resources */ = {isa = PBXBuildFile; fileRef = A74B6E9F2121F644009BF77A /* AnotherItemCell.xib */; };
		A74B6EA62121F690009BF77A /* DetailMenubarCell.swift in Sources */ = {isa = PBXBuildFile; fileRef = A74B6EA42121F690009BF77A /* DetailMenubarCell.swift */; };
		A74B6EA72121F690009BF77A /* DetailMenubarCell.xib in Resources */ = {isa = PBXBuildFile; fileRef = A74B6EA52121F690009BF77A /* DetailMenubarCell.xib */; };
		A74B6EAA2121F6B0009BF77A /* HelpCallCell.swift in Sources */ = {isa = PBXBuildFile; fileRef = A74B6EA82121F6B0009BF77A /* HelpCallCell.swift */; };
		A74B6EAB2121F6B0009BF77A /* HelpCallCell.xib in Resources */ = {isa = PBXBuildFile; fileRef = A74B6EA92121F6B0009BF77A /* HelpCallCell.xib */; };
		A74B6EAE2121F6E3009BF77A /* SellerInfoCell.swift in Sources */ = {isa = PBXBuildFile; fileRef = A74B6EAC2121F6E3009BF77A /* SellerInfoCell.swift */; };
		A74B6EAF2121F6E3009BF77A /* SellerInfoCell.xib in Resources */ = {isa = PBXBuildFile; fileRef = A74B6EAD2121F6E3009BF77A /* SellerInfoCell.xib */; };
		A74B6EB62121F731009BF77A /* CollectionCell.swift in Sources */ = {isa = PBXBuildFile; fileRef = A74B6EB42121F731009BF77A /* CollectionCell.swift */; };
		A74B6EB72121F731009BF77A /* CollectionCell.xib in Resources */ = {isa = PBXBuildFile; fileRef = A74B6EB52121F731009BF77A /* CollectionCell.xib */; };
		A74B6EBA2121F786009BF77A /* DetailImageCell.swift in Sources */ = {isa = PBXBuildFile; fileRef = A74B6EB82121F786009BF77A /* DetailImageCell.swift */; };
		A74B6EBB2121F786009BF77A /* DetailImageCell.xib in Resources */ = {isa = PBXBuildFile; fileRef = A74B6EB92121F786009BF77A /* DetailImageCell.xib */; };
		A74B6EBE2121F79D009BF77A /* DeliveryInfoCell.swift in Sources */ = {isa = PBXBuildFile; fileRef = A74B6EBC2121F79D009BF77A /* DeliveryInfoCell.swift */; };
		A74B6EBF2121F79D009BF77A /* DeliveryInfoCell.xib in Resources */ = {isa = PBXBuildFile; fileRef = A74B6EBD2121F79D009BF77A /* DeliveryInfoCell.xib */; };
		A74B6EC121220527009BF77A /* Assets.xcassets in Resources */ = {isa = PBXBuildFile; fileRef = A74B6EC021220527009BF77A /* Assets.xcassets */; };
		A7682FF321249C6800FEE6D3 /* StatusbarCell.swift in Sources */ = {isa = PBXBuildFile; fileRef = A7682FF121249C6800FEE6D3 /* StatusbarCell.swift */; };
		A7682FF421249C6800FEE6D3 /* StatusbarCell.xib in Resources */ = {isa = PBXBuildFile; fileRef = A7682FF221249C6800FEE6D3 /* StatusbarCell.xib */; };
		A7682FF721249C8500FEE6D3 /* CartInfoCell.swift in Sources */ = {isa = PBXBuildFile; fileRef = A7682FF521249C8500FEE6D3 /* CartInfoCell.swift */; };
		A7682FF821249C8500FEE6D3 /* CartInfoCell.xib in Resources */ = {isa = PBXBuildFile; fileRef = A7682FF621249C8500FEE6D3 /* CartInfoCell.xib */; };
		A7682FFF21249CF000FEE6D3 /* InfomationCell.swift in Sources */ = {isa = PBXBuildFile; fileRef = A7682FFD21249CF000FEE6D3 /* InfomationCell.swift */; };
		A768300021249CF000FEE6D3 /* InfomationCell.xib in Resources */ = {isa = PBXBuildFile; fileRef = A7682FFE21249CF000FEE6D3 /* InfomationCell.xib */; };
		A768300321249D1900FEE6D3 /* OrderPriceCell.swift in Sources */ = {isa = PBXBuildFile; fileRef = A768300121249D1900FEE6D3 /* OrderPriceCell.swift */; };
		A768300421249D1900FEE6D3 /* OrderPriceCell.xib in Resources */ = {isa = PBXBuildFile; fileRef = A768300221249D1900FEE6D3 /* OrderPriceCell.xib */; };
		A768300621249D3D00FEE6D3 /* CartViewController.swift in Sources */ = {isa = PBXBuildFile; fileRef = A768300521249D3D00FEE6D3 /* CartViewController.swift */; };
		A76830092124A08900FEE6D3 /* AllSelectCell.swift in Sources */ = {isa = PBXBuildFile; fileRef = A76830072124A08900FEE6D3 /* AllSelectCell.swift */; };
		A768300A2124A08900FEE6D3 /* AllSelectCell.xib in Resources */ = {isa = PBXBuildFile; fileRef = A76830082124A08900FEE6D3 /* AllSelectCell.xib */; };
		A768300C2124ACE800FEE6D3 /* CheckBoxButton.swift in Sources */ = {isa = PBXBuildFile; fileRef = A768300B2124ACE800FEE6D3 /* CheckBoxButton.swift */; };
		A77E9D462121F39400B160BB /* AppDelegate.swift in Sources */ = {isa = PBXBuildFile; fileRef = A77E9D452121F39400B160BB /* AppDelegate.swift */; };
		A77E9D4B2121F39400B160BB /* Main.storyboard in Resources */ = {isa = PBXBuildFile; fileRef = A77E9D492121F39400B160BB /* Main.storyboard */; };
		A77E9D502121F39500B160BB /* LaunchScreen.storyboard in Resources */ = {isa = PBXBuildFile; fileRef = A77E9D4E2121F39500B160BB /* LaunchScreen.storyboard */; };
		A77E9D5C2121F3D500B160BB /* DetailViewController.swift in Sources */ = {isa = PBXBuildFile; fileRef = A77E9D5B2121F3D500B160BB /* DetailViewController.swift */; };
/* End PBXBuildFile section */

/* Begin PBXFileReference section */
		A74B6E8C2121F4BF009BF77A /* Default-568h@2x.png */ = {isa = PBXFileReference; lastKnownFileType = image.png; path = "Default-568h@2x.png"; sourceTree = "<group>"; };
		A74B6E962121F621009BF77A /* PageControlCell.swift */ = {isa = PBXFileReference; lastKnownFileType = sourcecode.swift; path = PageControlCell.swift; sourceTree = "<group>"; };
		A74B6E972121F621009BF77A /* PageControlCell.xib */ = {isa = PBXFileReference; lastKnownFileType = file.xib; path = PageControlCell.xib; sourceTree = "<group>"; };
		A74B6E9A2121F631009BF77A /* ItemInfoCell.swift */ = {isa = PBXFileReference; lastKnownFileType = sourcecode.swift; path = ItemInfoCell.swift; sourceTree = "<group>"; };
		A74B6E9B2121F631009BF77A /* ItemInfoCell.xib */ = {isa = PBXFileReference; lastKnownFileType = file.xib; path = ItemInfoCell.xib; sourceTree = "<group>"; };
		A74B6E9E2121F644009BF77A /* AnotherItemCell.swift */ = {isa = PBXFileReference; lastKnownFileType = sourcecode.swift; path = AnotherItemCell.swift; sourceTree = "<group>"; };
		A74B6E9F2121F644009BF77A /* AnotherItemCell.xib */ = {isa = PBXFileReference; lastKnownFileType = file.xib; path = AnotherItemCell.xib; sourceTree = "<group>"; };
		A74B6EA42121F690009BF77A /* DetailMenubarCell.swift */ = {isa = PBXFileReference; lastKnownFileType = sourcecode.swift; path = DetailMenubarCell.swift; sourceTree = "<group>"; };
		A74B6EA52121F690009BF77A /* DetailMenubarCell.xib */ = {isa = PBXFileReference; lastKnownFileType = file.xib; path = DetailMenubarCell.xib; sourceTree = "<group>"; };
		A74B6EA82121F6B0009BF77A /* HelpCallCell.swift */ = {isa = PBXFileReference; lastKnownFileType = sourcecode.swift; path = HelpCallCell.swift; sourceTree = "<group>"; };
		A74B6EA92121F6B0009BF77A /* HelpCallCell.xib */ = {isa = PBXFileReference; lastKnownFileType = file.xib; path = HelpCallCell.xib; sourceTree = "<group>"; };
		A74B6EAC2121F6E3009BF77A /* SellerInfoCell.swift */ = {isa = PBXFileReference; lastKnownFileType = sourcecode.swift; path = SellerInfoCell.swift; sourceTree = "<group>"; };
		A74B6EAD2121F6E3009BF77A /* SellerInfoCell.xib */ = {isa = PBXFileReference; lastKnownFileType = file.xib; path = SellerInfoCell.xib; sourceTree = "<group>"; };
		A74B6EB42121F731009BF77A /* CollectionCell.swift */ = {isa = PBXFileReference; lastKnownFileType = sourcecode.swift; path = CollectionCell.swift; sourceTree = "<group>"; };
		A74B6EB52121F731009BF77A /* CollectionCell.xib */ = {isa = PBXFileReference; lastKnownFileType = file.xib; path = CollectionCell.xib; sourceTree = "<group>"; };
		A74B6EB82121F786009BF77A /* DetailImageCell.swift */ = {isa = PBXFileReference; lastKnownFileType = sourcecode.swift; path = DetailImageCell.swift; sourceTree = "<group>"; };
		A74B6EB92121F786009BF77A /* DetailImageCell.xib */ = {isa = PBXFileReference; lastKnownFileType = file.xib; path = DetailImageCell.xib; sourceTree = "<group>"; };
		A74B6EBC2121F79D009BF77A /* DeliveryInfoCell.swift */ = {isa = PBXFileReference; lastKnownFileType = sourcecode.swift; path = DeliveryInfoCell.swift; sourceTree = "<group>"; };
		A74B6EBD2121F79D009BF77A /* DeliveryInfoCell.xib */ = {isa = PBXFileReference; lastKnownFileType = file.xib; path = DeliveryInfoCell.xib; sourceTree = "<group>"; };
		A74B6EC021220527009BF77A /* Assets.xcassets */ = {isa = PBXFileReference; lastKnownFileType = folder.assetcatalog; name = Assets.xcassets; path = ../../../../banminchan/collectionPrac/collectionPrac/Assets.xcassets; sourceTree = "<group>"; };
		A7682FF121249C6800FEE6D3 /* StatusbarCell.swift */ = {isa = PBXFileReference; lastKnownFileType = sourcecode.swift; path = StatusbarCell.swift; sourceTree = "<group>"; };
		A7682FF221249C6800FEE6D3 /* StatusbarCell.xib */ = {isa = PBXFileReference; lastKnownFileType = file.xib; path = StatusbarCell.xib; sourceTree = "<group>"; };
		A7682FF521249C8500FEE6D3 /* CartInfoCell.swift */ = {isa = PBXFileReference; lastKnownFileType = sourcecode.swift; path = CartInfoCell.swift; sourceTree = "<group>"; };
		A7682FF621249C8500FEE6D3 /* CartInfoCell.xib */ = {isa = PBXFileReference; lastKnownFileType = file.xib; path = CartInfoCell.xib; sourceTree = "<group>"; };
		A7682FFD21249CF000FEE6D3 /* InfomationCell.swift */ = {isa = PBXFileReference; lastKnownFileType = sourcecode.swift; path = InfomationCell.swift; sourceTree = "<group>"; };
		A7682FFE21249CF000FEE6D3 /* InfomationCell.xib */ = {isa = PBXFileReference; lastKnownFileType = file.xib; path = InfomationCell.xib; sourceTree = "<group>"; };
		A768300121249D1900FEE6D3 /* OrderPriceCell.swift */ = {isa = PBXFileReference; lastKnownFileType = sourcecode.swift; path = OrderPriceCell.swift; sourceTree = "<group>"; };
		A768300221249D1900FEE6D3 /* OrderPriceCell.xib */ = {isa = PBXFileReference; lastKnownFileType = file.xib; path = OrderPriceCell.xib; sourceTree = "<group>"; };
		A768300521249D3D00FEE6D3 /* CartViewController.swift */ = {isa = PBXFileReference; lastKnownFileType = sourcecode.swift; path = CartViewController.swift; sourceTree = "<group>"; };
		A76830072124A08900FEE6D3 /* AllSelectCell.swift */ = {isa = PBXFileReference; lastKnownFileType = sourcecode.swift; path = AllSelectCell.swift; sourceTree = "<group>"; };
		A76830082124A08900FEE6D3 /* AllSelectCell.xib */ = {isa = PBXFileReference; lastKnownFileType = file.xib; path = AllSelectCell.xib; sourceTree = "<group>"; };
		A768300B2124ACE800FEE6D3 /* CheckBoxButton.swift */ = {isa = PBXFileReference; lastKnownFileType = sourcecode.swift; path = CheckBoxButton.swift; sourceTree = "<group>"; };
		A77E9D422121F39400B160BB /* Baeminchan.app */ = {isa = PBXFileReference; explicitFileType = wrapper.application; includeInIndex = 0; path = Baeminchan.app; sourceTree = BUILT_PRODUCTS_DIR; };
		A77E9D452121F39400B160BB /* AppDelegate.swift */ = {isa = PBXFileReference; lastKnownFileType = sourcecode.swift; path = AppDelegate.swift; sourceTree = "<group>"; };
		A77E9D4A2121F39400B160BB /* Base */ = {isa = PBXFileReference; lastKnownFileType = file.storyboard; name = Base; path = Base.lproj/Main.storyboard; sourceTree = "<group>"; };
		A77E9D4F2121F39500B160BB /* Base */ = {isa = PBXFileReference; lastKnownFileType = file.storyboard; name = Base; path = Base.lproj/LaunchScreen.storyboard; sourceTree = "<group>"; };
		A77E9D512121F39500B160BB /* Info.plist */ = {isa = PBXFileReference; lastKnownFileType = text.plist.xml; path = Info.plist; sourceTree = "<group>"; };
		A77E9D5B2121F3D500B160BB /* DetailViewController.swift */ = {isa = PBXFileReference; lastKnownFileType = sourcecode.swift; path = DetailViewController.swift; sourceTree = "<group>"; };
/* End PBXFileReference section */

/* Begin PBXFrameworksBuildPhase section */
		A77E9D3F2121F39400B160BB /* Frameworks */ = {
			isa = PBXFrameworksBuildPhase;
			buildActionMask = 2147483647;
			files = (
			);
			runOnlyForDeploymentPostprocessing = 0;
		};
/* End PBXFrameworksBuildPhase section */

/* Begin PBXGroup section */
		A7682FF021249BF500FEE6D3 /* CartView */ = {
			isa = PBXGroup;
			children = (
				A7682FF121249C6800FEE6D3 /* StatusbarCell.swift */,
				A7682FF221249C6800FEE6D3 /* StatusbarCell.xib */,
				A76830072124A08900FEE6D3 /* AllSelectCell.swift */,
				A76830082124A08900FEE6D3 /* AllSelectCell.xib */,
				A7682FF521249C8500FEE6D3 /* CartInfoCell.swift */,
				A7682FF621249C8500FEE6D3 /* CartInfoCell.xib */,
				A7682FFD21249CF000FEE6D3 /* InfomationCell.swift */,
				A7682FFE21249CF000FEE6D3 /* InfomationCell.xib */,
				A768300121249D1900FEE6D3 /* OrderPriceCell.swift */,
				A768300221249D1900FEE6D3 /* OrderPriceCell.xib */,
				A768300D2124ACF500FEE6D3 /* etcView */,
			);
			path = CartView;
			sourceTree = "<group>";
		};
		A768300D2124ACF500FEE6D3 /* etcView */ = {
			isa = PBXGroup;
			children = (
				A768300B2124ACE800FEE6D3 /* CheckBoxButton.swift */,
			);
			path = etcView;
			sourceTree = "<group>";
		};
		A77E9D392121F39400B160BB = {
			isa = PBXGroup;
			children = (
				A74B6E8C2121F4BF009BF77A /* Default-568h@2x.png */,
				A77E9D442121F39400B160BB /* Baeminchan */,
				A77E9D432121F39400B160BB /* Products */,
			);
			sourceTree = "<group>";
		};
		A77E9D432121F39400B160BB /* Products */ = {
			isa = PBXGroup;
			children = (
				A77E9D422121F39400B160BB /* Baeminchan.app */,
			);
			name = Products;
			sourceTree = "<group>";
		};
		A77E9D442121F39400B160BB /* Baeminchan */ = {
			isa = PBXGroup;
			children = (
				A77E9D5D2121F3FC00B160BB /* SuportFiles */,
				A77E9D592121F3AC00B160BB /* ViewController */,
				A77E9D582121F3A700B160BB /* View */,
				A7682FF021249BF500FEE6D3 /* CartView */,
				A77E9D572121F3A000B160BB /* Model */,
			);
			path = Baeminchan;
			sourceTree = "<group>";
		};
		A77E9D572121F3A000B160BB /* Model */ = {
			isa = PBXGroup;
			children = (
			);
			path = Model;
			sourceTree = "<group>";
		};
		A77E9D582121F3A700B160BB /* View */ = {
			isa = PBXGroup;
			children = (
				A74B6E962121F621009BF77A /* PageControlCell.swift */,
				A74B6E972121F621009BF77A /* PageControlCell.xib */,
				A74B6E9A2121F631009BF77A /* ItemInfoCell.swift */,
				A74B6E9B2121F631009BF77A /* ItemInfoCell.xib */,
				A74B6E9E2121F644009BF77A /* AnotherItemCell.swift */,
				A74B6E9F2121F644009BF77A /* AnotherItemCell.xib */,
				A74B6EB42121F731009BF77A /* CollectionCell.swift */,
				A74B6EB52121F731009BF77A /* CollectionCell.xib */,
				A74B6EA42121F690009BF77A /* DetailMenubarCell.swift */,
				A74B6EA52121F690009BF77A /* DetailMenubarCell.xib */,
				A74B6EA82121F6B0009BF77A /* HelpCallCell.swift */,
				A74B6EA92121F6B0009BF77A /* HelpCallCell.xib */,
				A74B6EAC2121F6E3009BF77A /* SellerInfoCell.swift */,
				A74B6EAD2121F6E3009BF77A /* SellerInfoCell.xib */,
				A74B6EB82121F786009BF77A /* DetailImageCell.swift */,
				A74B6EB92121F786009BF77A /* DetailImageCell.xib */,
				A74B6EBC2121F79D009BF77A /* DeliveryInfoCell.swift */,
				A74B6EBD2121F79D009BF77A /* DeliveryInfoCell.xib */,
			);
			path = View;
			sourceTree = "<group>";
		};
		A77E9D592121F3AC00B160BB /* ViewController */ = {
			isa = PBXGroup;
			children = (
				A77E9D5B2121F3D500B160BB /* DetailViewController.swift */,
				A768300521249D3D00FEE6D3 /* CartViewController.swift */,
			);
			path = ViewController;
			sourceTree = "<group>";
		};
		A77E9D5D2121F3FC00B160BB /* SuportFiles */ = {
			isa = PBXGroup;
			children = (
				A77E9D452121F39400B160BB /* AppDelegate.swift */,
				A77E9D492121F39400B160BB /* Main.storyboard */,
				A77E9D4E2121F39500B160BB /* LaunchScreen.storyboard */,
				A74B6EC021220527009BF77A /* Assets.xcassets */,
				A77E9D512121F39500B160BB /* Info.plist */,
			);
			path = SuportFiles;
			sourceTree = "<group>";
		};
/* End PBXGroup section */

/* Begin PBXNativeTarget section */
		A77E9D412121F39400B160BB /* Baeminchan */ = {
			isa = PBXNativeTarget;
			buildConfigurationList = A77E9D542121F39500B160BB /* Build configuration list for PBXNativeTarget "Baeminchan" */;
			buildPhases = (
				A77E9D3E2121F39400B160BB /* Sources */,
				A77E9D3F2121F39400B160BB /* Frameworks */,
				A77E9D402121F39400B160BB /* Resources */,
			);
			buildRules = (
			);
			dependencies = (
			);
			name = Baeminchan;
			productName = Baeminchan;
			productReference = A77E9D422121F39400B160BB /* Baeminchan.app */;
			productType = "com.apple.product-type.application";
		};
/* End PBXNativeTarget section */

/* Begin PBXProject section */
		A77E9D3A2121F39400B160BB /* Project object */ = {
			isa = PBXProject;
			attributes = {
				LastSwiftUpdateCheck = 0940;
				LastUpgradeCheck = 0940;
				ORGANIZATIONNAME = GoldenShoe;
				TargetAttributes = {
					A77E9D412121F39400B160BB = {
						CreatedOnToolsVersion = 9.4.1;
					};
				};
			};
			buildConfigurationList = A77E9D3D2121F39400B160BB /* Build configuration list for PBXProject "Baeminchan" */;
			compatibilityVersion = "Xcode 9.3";
			developmentRegion = en;
			hasScannedForEncodings = 0;
			knownRegions = (
				en,
				Base,
			);
			mainGroup = A77E9D392121F39400B160BB;
			productRefGroup = A77E9D432121F39400B160BB /* Products */;
			projectDirPath = "";
			projectRoot = "";
			targets = (
				A77E9D412121F39400B160BB /* Baeminchan */,
			);
		};
/* End PBXProject section */

/* Begin PBXResourcesBuildPhase section */
		A77E9D402121F39400B160BB /* Resources */ = {
			isa = PBXResourcesBuildPhase;
			buildActionMask = 2147483647;
			files = (
				A74B6E992121F621009BF77A /* PageControlCell.xib in Resources */,
				A7682FF421249C6800FEE6D3 /* StatusbarCell.xib in Resources */,
				A74B6EA12121F644009BF77A /* AnotherItemCell.xib in Resources */,
				A77E9D502121F39500B160BB /* LaunchScreen.storyboard in Resources */,
				A74B6EA72121F690009BF77A /* DetailMenubarCell.xib in Resources */,
				A74B6EAF2121F6E3009BF77A /* SellerInfoCell.xib in Resources */,
				A74B6E9D2121F631009BF77A /* ItemInfoCell.xib in Resources */,
				A768300021249CF000FEE6D3 /* InfomationCell.xib in Resources */,
				A74B6EC121220527009BF77A /* Assets.xcassets in Resources */,
				A74B6E8D2121F4BF009BF77A /* Default-568h@2x.png in Resources */,
				A74B6EB72121F731009BF77A /* CollectionCell.xib in Resources */,
				A768300421249D1900FEE6D3 /* OrderPriceCell.xib in Resources */,
				A7682FF821249C8500FEE6D3 /* CartInfoCell.xib in Resources */,
				A74B6EBF2121F79D009BF77A /* DeliveryInfoCell.xib in Resources */,
				A74B6EAB2121F6B0009BF77A /* HelpCallCell.xib in Resources */,
				A74B6EBB2121F786009BF77A /* DetailImageCell.xib in Resources */,
				A77E9D4B2121F39400B160BB /* Main.storyboard in Resources */,
				A768300A2124A08900FEE6D3 /* AllSelectCell.xib in Resources */,
			);
			runOnlyForDeploymentPostprocessing = 0;
		};
/* End PBXResourcesBuildPhase section */

/* Begin PBXSourcesBuildPhase section */
		A77E9D3E2121F39400B160BB /* Sources */ = {
			isa = PBXSourcesBuildPhase;
			buildActionMask = 2147483647;
			files = (
				A76830092124A08900FEE6D3 /* AllSelectCell.swift in Sources */,
				A74B6E9C2121F631009BF77A /* ItemInfoCell.swift in Sources */,
				A74B6EA62121F690009BF77A /* DetailMenubarCell.swift in Sources */,
				A74B6EB62121F731009BF77A /* CollectionCell.swift in Sources */,
				A768300C2124ACE800FEE6D3 /* CheckBoxButton.swift in Sources */,
				A7682FF321249C6800FEE6D3 /* StatusbarCell.swift in Sources */,
				A74B6EBE2121F79D009BF77A /* DeliveryInfoCell.swift in Sources */,
				A74B6EAE2121F6E3009BF77A /* SellerInfoCell.swift in Sources */,
				A77E9D5C2121F3D500B160BB /* DetailViewController.swift in Sources */,
				A7682FFF21249CF000FEE6D3 /* InfomationCell.swift in Sources */,
				A77E9D462121F39400B160BB /* AppDelegate.swift in Sources */,
				A74B6EA02121F644009BF77A /* AnotherItemCell.swift in Sources */,
				A7682FF721249C8500FEE6D3 /* CartInfoCell.swift in Sources */,
				A768300321249D1900FEE6D3 /* OrderPriceCell.swift in Sources */,
				A768300621249D3D00FEE6D3 /* CartViewController.swift in Sources */,
				A74B6E982121F621009BF77A /* PageControlCell.swift in Sources */,
				A74B6EBA2121F786009BF77A /* DetailImageCell.swift in Sources */,
				A74B6EAA2121F6B0009BF77A /* HelpCallCell.swift in Sources */,
			);
			runOnlyForDeploymentPostprocessing = 0;
		};
/* End PBXSourcesBuildPhase section */

/* Begin PBXVariantGroup section */
		A77E9D492121F39400B160BB /* Main.storyboard */ = {
			isa = PBXVariantGroup;
			children = (
				A77E9D4A2121F39400B160BB /* Base */,
			);
			name = Main.storyboard;
			sourceTree = "<group>";
		};
		A77E9D4E2121F39500B160BB /* LaunchScreen.storyboard */ = {
			isa = PBXVariantGroup;
			children = (
				A77E9D4F2121F39500B160BB /* Base */,
			);
			name = LaunchScreen.storyboard;
			sourceTree = "<group>";
		};
/* End PBXVariantGroup section */

/* Begin XCBuildConfiguration section */
		A77E9D522121F39500B160BB /* Debug */ = {
			isa = XCBuildConfiguration;
			buildSettings = {
				ALWAYS_SEARCH_USER_PATHS = NO;
				CLANG_ANALYZER_NONNULL = YES;
				CLANG_ANALYZER_NUMBER_OBJECT_CONVERSION = YES_AGGRESSIVE;
				CLANG_CXX_LANGUAGE_STANDARD = "gnu++14";
				CLANG_CXX_LIBRARY = "libc++";
				CLANG_ENABLE_MODULES = YES;
				CLANG_ENABLE_OBJC_ARC = YES;
				CLANG_ENABLE_OBJC_WEAK = YES;
				CLANG_WARN_BLOCK_CAPTURE_AUTORELEASING = YES;
				CLANG_WARN_BOOL_CONVERSION = YES;
				CLANG_WARN_COMMA = YES;
				CLANG_WARN_CONSTANT_CONVERSION = YES;
				CLANG_WARN_DEPRECATED_OBJC_IMPLEMENTATIONS = YES;
				CLANG_WARN_DIRECT_OBJC_ISA_USAGE = YES_ERROR;
				CLANG_WARN_DOCUMENTATION_COMMENTS = YES;
				CLANG_WARN_EMPTY_BODY = YES;
				CLANG_WARN_ENUM_CONVERSION = YES;
				CLANG_WARN_INFINITE_RECURSION = YES;
				CLANG_WARN_INT_CONVERSION = YES;
				CLANG_WARN_NON_LITERAL_NULL_CONVERSION = YES;
				CLANG_WARN_OBJC_IMPLICIT_RETAIN_SELF = YES;
				CLANG_WARN_OBJC_LITERAL_CONVERSION = YES;
				CLANG_WARN_OBJC_ROOT_CLASS = YES_ERROR;
				CLANG_WARN_RANGE_LOOP_ANALYSIS = YES;
				CLANG_WARN_STRICT_PROTOTYPES = YES;
				CLANG_WARN_SUSPICIOUS_MOVE = YES;
				CLANG_WARN_UNGUARDED_AVAILABILITY = YES_AGGRESSIVE;
				CLANG_WARN_UNREACHABLE_CODE = YES;
				CLANG_WARN__DUPLICATE_METHOD_MATCH = YES;
				CODE_SIGN_IDENTITY = "iPhone Developer";
				COPY_PHASE_STRIP = NO;
				DEBUG_INFORMATION_FORMAT = dwarf;
				ENABLE_STRICT_OBJC_MSGSEND = YES;
				ENABLE_TESTABILITY = YES;
				GCC_C_LANGUAGE_STANDARD = gnu11;
				GCC_DYNAMIC_NO_PIC = NO;
				GCC_NO_COMMON_BLOCKS = YES;
				GCC_OPTIMIZATION_LEVEL = 0;
				GCC_PREPROCESSOR_DEFINITIONS = (
					"DEBUG=1",
					"$(inherited)",
				);
				GCC_WARN_64_TO_32_BIT_CONVERSION = YES;
				GCC_WARN_ABOUT_RETURN_TYPE = YES_ERROR;
				GCC_WARN_UNDECLARED_SELECTOR = YES;
				GCC_WARN_UNINITIALIZED_AUTOS = YES_AGGRESSIVE;
				GCC_WARN_UNUSED_FUNCTION = YES;
				GCC_WARN_UNUSED_VARIABLE = YES;
				IPHONEOS_DEPLOYMENT_TARGET = 11.4;
				MTL_ENABLE_DEBUG_INFO = YES;
				ONLY_ACTIVE_ARCH = YES;
				SDKROOT = iphoneos;
				SWIFT_ACTIVE_COMPILATION_CONDITIONS = DEBUG;
				SWIFT_OPTIMIZATION_LEVEL = "-Onone";
			};
			name = Debug;
		};
		A77E9D532121F39500B160BB /* Release */ = {
			isa = XCBuildConfiguration;
			buildSettings = {
				ALWAYS_SEARCH_USER_PATHS = NO;
				CLANG_ANALYZER_NONNULL = YES;
				CLANG_ANALYZER_NUMBER_OBJECT_CONVERSION = YES_AGGRESSIVE;
				CLANG_CXX_LANGUAGE_STANDARD = "gnu++14";
				CLANG_CXX_LIBRARY = "libc++";
				CLANG_ENABLE_MODULES = YES;
				CLANG_ENABLE_OBJC_ARC = YES;
				CLANG_ENABLE_OBJC_WEAK = YES;
				CLANG_WARN_BLOCK_CAPTURE_AUTORELEASING = YES;
				CLANG_WARN_BOOL_CONVERSION = YES;
				CLANG_WARN_COMMA = YES;
				CLANG_WARN_CONSTANT_CONVERSION = YES;
				CLANG_WARN_DEPRECATED_OBJC_IMPLEMENTATIONS = YES;
				CLANG_WARN_DIRECT_OBJC_ISA_USAGE = YES_ERROR;
				CLANG_WARN_DOCUMENTATION_COMMENTS = YES;
				CLANG_WARN_EMPTY_BODY = YES;
				CLANG_WARN_ENUM_CONVERSION = YES;
				CLANG_WARN_INFINITE_RECURSION = YES;
				CLANG_WARN_INT_CONVERSION = YES;
				CLANG_WARN_NON_LITERAL_NULL_CONVERSION = YES;
				CLANG_WARN_OBJC_IMPLICIT_RETAIN_SELF = YES;
				CLANG_WARN_OBJC_LITERAL_CONVERSION = YES;
				CLANG_WARN_OBJC_ROOT_CLASS = YES_ERROR;
				CLANG_WARN_RANGE_LOOP_ANALYSIS = YES;
				CLANG_WARN_STRICT_PROTOTYPES = YES;
				CLANG_WARN_SUSPICIOUS_MOVE = YES;
				CLANG_WARN_UNGUARDED_AVAILABILITY = YES_AGGRESSIVE;
				CLANG_WARN_UNREACHABLE_CODE = YES;
				CLANG_WARN__DUPLICATE_METHOD_MATCH = YES;
				CODE_SIGN_IDENTITY = "iPhone Developer";
				COPY_PHASE_STRIP = NO;
				DEBUG_INFORMATION_FORMAT = "dwarf-with-dsym";
				ENABLE_NS_ASSERTIONS = NO;
				ENABLE_STRICT_OBJC_MSGSEND = YES;
				GCC_C_LANGUAGE_STANDARD = gnu11;
				GCC_NO_COMMON_BLOCKS = YES;
				GCC_WARN_64_TO_32_BIT_CONVERSION = YES;
				GCC_WARN_ABOUT_RETURN_TYPE = YES_ERROR;
				GCC_WARN_UNDECLARED_SELECTOR = YES;
				GCC_WARN_UNINITIALIZED_AUTOS = YES_AGGRESSIVE;
				GCC_WARN_UNUSED_FUNCTION = YES;
				GCC_WARN_UNUSED_VARIABLE = YES;
				IPHONEOS_DEPLOYMENT_TARGET = 11.4;
				MTL_ENABLE_DEBUG_INFO = NO;
				SDKROOT = iphoneos;
				SWIFT_COMPILATION_MODE = wholemodule;
				SWIFT_OPTIMIZATION_LEVEL = "-O";
				VALIDATE_PRODUCT = YES;
			};
			name = Release;
		};
		A77E9D552121F39500B160BB /* Debug */ = {
			isa = XCBuildConfiguration;
			buildSettings = {
				ASSETCATALOG_COMPILER_APPICON_NAME = AppIcon;
				CODE_SIGN_STYLE = Automatic;
				INFOPLIST_FILE = "$(SRCROOT)/Baeminchan/SuportFiles/Info.plist";
				LD_RUNPATH_SEARCH_PATHS = (
					"$(inherited)",
					"@executable_path/Frameworks",
				);
				PRODUCT_BUNDLE_IDENTIFIER = GoldenShoe.Baeminchan;
				PRODUCT_NAME = "$(TARGET_NAME)";
				SWIFT_VERSION = 4.0;
				TARGETED_DEVICE_FAMILY = "1,2";
			};
			name = Debug;
		};
		A77E9D562121F39500B160BB /* Release */ = {
			isa = XCBuildConfiguration;
			buildSettings = {
				ASSETCATALOG_COMPILER_APPICON_NAME = AppIcon;
				CODE_SIGN_STYLE = Automatic;
				INFOPLIST_FILE = "$(SRCROOT)/Baeminchan/SuportFiles/Info.plist";
				LD_RUNPATH_SEARCH_PATHS = (
					"$(inherited)",
					"@executable_path/Frameworks",
				);
				PRODUCT_BUNDLE_IDENTIFIER = GoldenShoe.Baeminchan;
				PRODUCT_NAME = "$(TARGET_NAME)";
				SWIFT_VERSION = 4.0;
				TARGETED_DEVICE_FAMILY = "1,2";
			};
			name = Release;
		};
/* End XCBuildConfiguration section */

/* Begin XCConfigurationList section */
		A77E9D3D2121F39400B160BB /* Build configuration list for PBXProject "Baeminchan" */ = {
			isa = XCConfigurationList;
			buildConfigurations = (
				A77E9D522121F39500B160BB /* Debug */,
				A77E9D532121F39500B160BB /* Release */,
			);
			defaultConfigurationIsVisible = 0;
			defaultConfigurationName = Release;
		};
		A77E9D542121F39500B160BB /* Build configuration list for PBXNativeTarget "Baeminchan" */ = {
			isa = XCConfigurationList;
			buildConfigurations = (
				A77E9D552121F39500B160BB /* Debug */,
				A77E9D562121F39500B160BB /* Release */,
			);
			defaultConfigurationIsVisible = 0;
			defaultConfigurationName = Release;
		};
/* End XCConfigurationList section */
	};
	rootObject = A77E9D3A2121F39400B160BB /* Project object */;
}
